// !$*UTF8*$!
{
	archiveVersion = 1;
	classes = {
	};
	objectVersion = 46;
	objects = {

/* Begin PBXBuildFile section */
		A30E0D141E790D8000502C0E /* main.m in Sources */ = {isa = PBXBuildFile; fileRef = A30E0D131E790D8000502C0E /* main.m */; };
		A30E0D171E790D8100502C0E /* AppDelegate.m in Sources */ = {isa = PBXBuildFile; fileRef = A30E0D161E790D8100502C0E /* AppDelegate.m */; };
		A30E0D1A1E790D8100502C0E /* ViewController.m in Sources */ = {isa = PBXBuildFile; fileRef = A30E0D191E790D8100502C0E /* ViewController.m */; };
		A30E0D1D1E790D8100502C0E /* Main.storyboard in Resources */ = {isa = PBXBuildFile; fileRef = A30E0D1B1E790D8100502C0E /* Main.storyboard */; };
		A30E0D1F1E790D8100502C0E /* Assets.xcassets in Resources */ = {isa = PBXBuildFile; fileRef = A30E0D1E1E790D8100502C0E /* Assets.xcassets */; };
		A30E0D221E790D8100502C0E /* LaunchScreen.storyboard in Resources */ = {isa = PBXBuildFile; fileRef = A30E0D201E790D8100502C0E /* LaunchScreen.storyboard */; };
		A30E0D2D1E790D8100502C0E /* ZYPlaceHolderViewTests.m in Sources */ = {isa = PBXBuildFile; fileRef = A30E0D2C1E790D8100502C0E /* ZYPlaceHolderViewTests.m */; };
		A30E0D381E790D8100502C0E /* ZYPlaceHolderViewUITests.m in Sources */ = {isa = PBXBuildFile; fileRef = A30E0D371E790D8100502C0E /* ZYPlaceHolderViewUITests.m */; };
		A30E0D4B1E790DDE00502C0E /* ZYPlaceHolderView.m in Sources */ = {isa = PBXBuildFile; fileRef = A30E0D4A1E790DDE00502C0E /* ZYPlaceHolderView.m */; };
		A30E0D4E1E790E3500502C0E /* ZYNetworkErrorPlaceHolderView.m in Sources */ = {isa = PBXBuildFile; fileRef = A30E0D4D1E790E3500502C0E /* ZYNetworkErrorPlaceHolderView.m */; };
		A30E0D511E790E9C00502C0E /* ZYNorecordPlaceHolderView.m in Sources */ = {isa = PBXBuildFile; fileRef = A30E0D501E790E9C00502C0E /* ZYNorecordPlaceHolderView.m */; };
		A30E0D541E790F0B00502C0E /* UIViewController+ZYPlaceHolder.m in Sources */ = {isa = PBXBuildFile; fileRef = A30E0D531E790F0B00502C0E /* UIViewController+ZYPlaceHolder.m */; };
/* End PBXBuildFile section */

/* Begin PBXContainerItemProxy section */
		A30E0D291E790D8100502C0E /* PBXContainerItemProxy */ = {
			isa = PBXContainerItemProxy;
			containerPortal = A30E0D071E790D8000502C0E /* Project object */;
			proxyType = 1;
			remoteGlobalIDString = A30E0D0E1E790D8000502C0E;
			remoteInfo = ZYPlaceHolderView;
		};
		A30E0D341E790D8100502C0E /* PBXContainerItemProxy */ = {
			isa = PBXContainerItemProxy;
			containerPortal = A30E0D071E790D8000502C0E /* Project object */;
			proxyType = 1;
			remoteGlobalIDString = A30E0D0E1E790D8000502C0E;
			remoteInfo = ZYPlaceHolderView;
		};
/* End PBXContainerItemProxy section */

/* Begin PBXFileReference section */
		A30E0D0F1E790D8000502C0E /* ZYPlaceHolderView.app */ = {isa = PBXFileReference; explicitFileType = wrapper.application; includeInIndex = 0; path = ZYPlaceHolderView.app; sourceTree = BUILT_PRODUCTS_DIR; };
		A30E0D131E790D8000502C0E /* main.m */ = {isa = PBXFileReference; lastKnownFileType = sourcecode.c.objc; path = main.m; sourceTree = "<group>"; };
		A30E0D151E790D8000502C0E /* AppDelegate.h */ = {isa = PBXFileReference; lastKnownFileType = sourcecode.c.h; path = AppDelegate.h; sourceTree = "<group>"; };
		A30E0D161E790D8100502C0E /* AppDelegate.m */ = {isa = PBXFileReference; lastKnownFileType = sourcecode.c.objc; path = AppDelegate.m; sourceTree = "<group>"; };
		A30E0D181E790D8100502C0E /* ViewController.h */ = {isa = PBXFileReference; lastKnownFileType = sourcecode.c.h; path = ViewController.h; sourceTree = "<group>"; };
		A30E0D191E790D8100502C0E /* ViewController.m */ = {isa = PBXFileReference; lastKnownFileType = sourcecode.c.objc; path = ViewController.m; sourceTree = "<group>"; };
		A30E0D1C1E790D8100502C0E /* Base */ = {isa = PBXFileReference; lastKnownFileType = file.storyboard; name = Base; path = Base.lproj/Main.storyboard; sourceTree = "<group>"; };
		A30E0D1E1E790D8100502C0E /* Assets.xcassets */ = {isa = PBXFileReference; lastKnownFileType = folder.assetcatalog; path = Assets.xcassets; sourceTree = "<group>"; };
		A30E0D211E790D8100502C0E /* Base */ = {isa = PBXFileReference; lastKnownFileType = file.storyboard; name = Base; path = Base.lproj/LaunchScreen.storyboard; sourceTree = "<group>"; };
		A30E0D231E790D8100502C0E /* Info.plist */ = {isa = PBXFileReference; lastKnownFileType = text.plist.xml; path = Info.plist; sourceTree = "<group>"; };
		A30E0D281E790D8100502C0E /* ZYPlaceHolderViewTests.xctest */ = {isa = PBXFileReference; explicitFileType = wrapper.cfbundle; includeInIndex = 0; path = ZYPlaceHolderViewTests.xctest; sourceTree = BUILT_PRODUCTS_DIR; };
		A30E0D2C1E790D8100502C0E /* ZYPlaceHolderViewTests.m */ = {isa = PBXFileReference; lastKnownFileType = sourcecode.c.objc; path = ZYPlaceHolderViewTests.m; sourceTree = "<group>"; };
		A30E0D2E1E790D8100502C0E /* Info.plist */ = {isa = PBXFileReference; lastKnownFileType = text.plist.xml; path = Info.plist; sourceTree = "<group>"; };
		A30E0D331E790D8100502C0E /* ZYPlaceHolderViewUITests.xctest */ = {isa = PBXFileReference; explicitFileType = wrapper.cfbundle; includeInIndex = 0; path = ZYPlaceHolderViewUITests.xctest; sourceTree = BUILT_PRODUCTS_DIR; };
		A30E0D371E790D8100502C0E /* ZYPlaceHolderViewUITests.m */ = {isa = PBXFileReference; lastKnownFileType = sourcecode.c.objc; path = ZYPlaceHolderViewUITests.m; sourceTree = "<group>"; };
		A30E0D391E790D8100502C0E /* Info.plist */ = {isa = PBXFileReference; lastKnownFileType = text.plist.xml; path = Info.plist; sourceTree = "<group>"; };
		A30E0D491E790DDE00502C0E /* ZYPlaceHolderView.h */ = {isa = PBXFileReference; fileEncoding = 4; lastKnownFileType = sourcecode.c.h; path = ZYPlaceHolderView.h; sourceTree = "<group>"; };
		A30E0D4A1E790DDE00502C0E /* ZYPlaceHolderView.m */ = {isa = PBXFileReference; fileEncoding = 4; lastKnownFileType = sourcecode.c.objc; path = ZYPlaceHolderView.m; sourceTree = "<group>"; };
		A30E0D4C1E790E3500502C0E /* ZYNetworkErrorPlaceHolderView.h */ = {isa = PBXFileReference; fileEncoding = 4; lastKnownFileType = sourcecode.c.h; path = ZYNetworkErrorPlaceHolderView.h; sourceTree = "<group>"; };
		A30E0D4D1E790E3500502C0E /* ZYNetworkErrorPlaceHolderView.m */ = {isa = PBXFileReference; fileEncoding = 4; lastKnownFileType = sourcecode.c.objc; path = ZYNetworkErrorPlaceHolderView.m; sourceTree = "<group>"; };
		A30E0D4F1E790E9C00502C0E /* ZYNorecordPlaceHolderView.h */ = {isa = PBXFileReference; fileEncoding = 4; lastKnownFileType = sourcecode.c.h; path = ZYNorecordPlaceHolderView.h; sourceTree = "<group>"; };
		A30E0D501E790E9C00502C0E /* ZYNorecordPlaceHolderView.m */ = {isa = PBXFileReference; fileEncoding = 4; lastKnownFileType = sourcecode.c.objc; path = ZYNorecordPlaceHolderView.m; sourceTree = "<group>"; };
		A30E0D521E790F0B00502C0E /* UIViewController+ZYPlaceHolder.h */ = {isa = PBXFileReference; fileEncoding = 4; lastKnownFileType = sourcecode.c.h; path = "UIViewController+ZYPlaceHolder.h"; sourceTree = "<group>"; };
		A30E0D531E790F0B00502C0E /* UIViewController+ZYPlaceHolder.m */ = {isa = PBXFileReference; fileEncoding = 4; lastKnownFileType = sourcecode.c.objc; path = "UIViewController+ZYPlaceHolder.m"; sourceTree = "<group>"; };
/* End PBXFileReference section */

/* Begin PBXFrameworksBuildPhase section */
		A30E0D0C1E790D8000502C0E /* Frameworks */ = {
			isa = PBXFrameworksBuildPhase;
			buildActionMask = 2147483647;
			files = (
			);
			runOnlyForDeploymentPostprocessing = 0;
		};
		A30E0D251E790D8100502C0E /* Frameworks */ = {
			isa = PBXFrameworksBuildPhase;
			buildActionMask = 2147483647;
			files = (
			);
			runOnlyForDeploymentPostprocessing = 0;
		};
		A30E0D301E790D8100502C0E /* Frameworks */ = {
			isa = PBXFrameworksBuildPhase;
			buildActionMask = 2147483647;
			files = (
			);
			runOnlyForDeploymentPostprocessing = 0;
		};
/* End PBXFrameworksBuildPhase section */

/* Begin PBXGroup section */
		A30E0D061E790D8000502C0E = {
			isa = PBXGroup;
			children = (
				A30E0D111E790D8000502C0E /* ZYPlaceHolderView */,
				A30E0D2B1E790D8100502C0E /* ZYPlaceHolderViewTests */,
				A30E0D361E790D8100502C0E /* ZYPlaceHolderViewUITests */,
				A30E0D101E790D8000502C0E /* Products */,
			);
			sourceTree = "<group>";
		};
		A30E0D101E790D8000502C0E /* Products */ = {
			isa = PBXGroup;
			children = (
				A30E0D0F1E790D8000502C0E /* ZYPlaceHolderView.app */,
				A30E0D281E790D8100502C0E /* ZYPlaceHolderViewTests.xctest */,
				A30E0D331E790D8100502C0E /* ZYPlaceHolderViewUITests.xctest */,
			);
			name = Products;
			sourceTree = "<group>";
		};
		A30E0D111E790D8000502C0E /* ZYPlaceHolderView */ = {
			isa = PBXGroup;
			children = (
				A30E0D451E790D9800502C0E /* ZYPlaceHolderView */,
				A30E0D151E790D8000502C0E /* AppDelegate.h */,
				A30E0D161E790D8100502C0E /* AppDelegate.m */,
				A30E0D181E790D8100502C0E /* ViewController.h */,
				A30E0D191E790D8100502C0E /* ViewController.m */,
				A30E0D1B1E790D8100502C0E /* Main.storyboard */,
				A30E0D1E1E790D8100502C0E /* Assets.xcassets */,
				A30E0D201E790D8100502C0E /* LaunchScreen.storyboard */,
				A30E0D231E790D8100502C0E /* Info.plist */,
				A30E0D121E790D8000502C0E /* Supporting Files */,
			);
			path = ZYPlaceHolderView;
			sourceTree = "<group>";
		};
		A30E0D121E790D8000502C0E /* Supporting Files */ = {
			isa = PBXGroup;
			children = (
				A30E0D131E790D8000502C0E /* main.m */,
			);
			name = "Supporting Files";
			sourceTree = "<group>";
		};
		A30E0D2B1E790D8100502C0E /* ZYPlaceHolderViewTests */ = {
			isa = PBXGroup;
			children = (
				A30E0D2C1E790D8100502C0E /* ZYPlaceHolderViewTests.m */,
				A30E0D2E1E790D8100502C0E /* Info.plist */,
			);
			path = ZYPlaceHolderViewTests;
			sourceTree = "<group>";
		};
		A30E0D361E790D8100502C0E /* ZYPlaceHolderViewUITests */ = {
			isa = PBXGroup;
			children = (
				A30E0D371E790D8100502C0E /* ZYPlaceHolderViewUITests.m */,
				A30E0D391E790D8100502C0E /* Info.plist */,
			);
			path = ZYPlaceHolderViewUITests;
			sourceTree = "<group>";
		};
		A30E0D451E790D9800502C0E /* ZYPlaceHolderView */ = {
			isa = PBXGroup;
			children = (
				A30E0D491E790DDE00502C0E /* ZYPlaceHolderView.h */,
				A30E0D4A1E790DDE00502C0E /* ZYPlaceHolderView.m */,
				A30E0D4C1E790E3500502C0E /* ZYNetworkErrorPlaceHolderView.h */,
				A30E0D4D1E790E3500502C0E /* ZYNetworkErrorPlaceHolderView.m */,
				A30E0D4F1E790E9C00502C0E /* ZYNorecordPlaceHolderView.h */,
				A30E0D501E790E9C00502C0E /* ZYNorecordPlaceHolderView.m */,
				A30E0D521E790F0B00502C0E /* UIViewController+ZYPlaceHolder.h */,
				A30E0D531E790F0B00502C0E /* UIViewController+ZYPlaceHolder.m */,
			);
			path = ZYPlaceHolderView;
			sourceTree = "<group>";
		};
/* End PBXGroup section */

/* Begin PBXNativeTarget section */
		A30E0D0E1E790D8000502C0E /* ZYPlaceHolderView */ = {
			isa = PBXNativeTarget;
			buildConfigurationList = A30E0D3C1E790D8100502C0E /* Build configuration list for PBXNativeTarget "ZYPlaceHolderView" */;
			buildPhases = (
				A30E0D0B1E790D8000502C0E /* Sources */,
				A30E0D0C1E790D8000502C0E /* Frameworks */,
				A30E0D0D1E790D8000502C0E /* Resources */,
			);
			buildRules = (
			);
			dependencies = (
			);
			name = ZYPlaceHolderView;
			productName = ZYPlaceHolderView;
			productReference = A30E0D0F1E790D8000502C0E /* ZYPlaceHolderView.app */;
			productType = "com.apple.product-type.application";
		};
		A30E0D271E790D8100502C0E /* ZYPlaceHolderViewTests */ = {
			isa = PBXNativeTarget;
			buildConfigurationList = A30E0D3F1E790D8100502C0E /* Build configuration list for PBXNativeTarget "ZYPlaceHolderViewTests" */;
			buildPhases = (
				A30E0D241E790D8100502C0E /* Sources */,
				A30E0D251E790D8100502C0E /* Frameworks */,
				A30E0D261E790D8100502C0E /* Resources */,
			);
			buildRules = (
			);
			dependencies = (
				A30E0D2A1E790D8100502C0E /* PBXTargetDependency */,
			);
			name = ZYPlaceHolderViewTests;
			productName = ZYPlaceHolderViewTests;
			productReference = A30E0D281E790D8100502C0E /* ZYPlaceHolderViewTests.xctest */;
			productType = "com.apple.product-type.bundle.unit-test";
		};
		A30E0D321E790D8100502C0E /* ZYPlaceHolderViewUITests */ = {
			isa = PBXNativeTarget;
			buildConfigurationList = A30E0D421E790D8100502C0E /* Build configuration list for PBXNativeTarget "ZYPlaceHolderViewUITests" */;
			buildPhases = (
				A30E0D2F1E790D8100502C0E /* Sources */,
				A30E0D301E790D8100502C0E /* Frameworks */,
				A30E0D311E790D8100502C0E /* Resources */,
			);
			buildRules = (
			);
			dependencies = (
				A30E0D351E790D8100502C0E /* PBXTargetDependency */,
			);
			name = ZYPlaceHolderViewUITests;
			productName = ZYPlaceHolderViewUITests;
			productReference = A30E0D331E790D8100502C0E /* ZYPlaceHolderViewUITests.xctest */;
			productType = "com.apple.product-type.bundle.ui-testing";
		};
/* End PBXNativeTarget section */

/* Begin PBXProject section */
		A30E0D071E790D8000502C0E /* Project object */ = {
			isa = PBXProject;
			attributes = {
				LastUpgradeCheck = 0820;
				ORGANIZATIONNAME = sunny;
				TargetAttributes = {
					A30E0D0E1E790D8000502C0E = {
						CreatedOnToolsVersion = 8.2.1;
						ProvisioningStyle = Automatic;
					};
					A30E0D271E790D8100502C0E = {
						CreatedOnToolsVersion = 8.2.1;
						ProvisioningStyle = Automatic;
						TestTargetID = A30E0D0E1E790D8000502C0E;
					};
					A30E0D321E790D8100502C0E = {
						CreatedOnToolsVersion = 8.2.1;
						ProvisioningStyle = Automatic;
						TestTargetID = A30E0D0E1E790D8000502C0E;
					};
				};
			};
			buildConfigurationList = A30E0D0A1E790D8000502C0E /* Build configuration list for PBXProject "ZYPlaceHolderView" */;
			compatibilityVersion = "Xcode 3.2";
			developmentRegion = English;
			hasScannedForEncodings = 0;
			knownRegions = (
				en,
				Base,
			);
			mainGroup = A30E0D061E790D8000502C0E;
			productRefGroup = A30E0D101E790D8000502C0E /* Products */;
			projectDirPath = "";
			projectRoot = "";
			targets = (
				A30E0D0E1E790D8000502C0E /* ZYPlaceHolderView */,
				A30E0D271E790D8100502C0E /* ZYPlaceHolderViewTests */,
				A30E0D321E790D8100502C0E /* ZYPlaceHolderViewUITests */,
			);
		};
/* End PBXProject section */

/* Begin PBXResourcesBuildPhase section */
		A30E0D0D1E790D8000502C0E /* Resources */ = {
			isa = PBXResourcesBuildPhase;
			buildActionMask = 2147483647;
			files = (
				A30E0D221E790D8100502C0E /* LaunchScreen.storyboard in Resources */,
				A30E0D1F1E790D8100502C0E /* Assets.xcassets in Resources */,
				A30E0D1D1E790D8100502C0E /* Main.storyboard in Resources */,
			);
			runOnlyForDeploymentPostprocessing = 0;
		};
		A30E0D261E790D8100502C0E /* Resources */ = {
			isa = PBXResourcesBuildPhase;
			buildActionMask = 2147483647;
			files = (
			);
			runOnlyForDeploymentPostprocessing = 0;
		};
		A30E0D311E790D8100502C0E /* Resources */ = {
			isa = PBXResourcesBuildPhase;
			buildActionMask = 2147483647;
			files = (
			);
			runOnlyForDeploymentPostprocessing = 0;
		};
/* End PBXResourcesBuildPhase section */

/* Begin PBXSourcesBuildPhase section */
		A30E0D0B1E790D8000502C0E /* Sources */ = {
			isa = PBXSourcesBuildPhase;
			buildActionMask = 2147483647;
			files = (
				A30E0D1A1E790D8100502C0E /* ViewController.m in Sources */,
				A30E0D171E790D8100502C0E /* AppDelegate.m in Sources */,
				A30E0D4E1E790E3500502C0E /* ZYNetworkErrorPlaceHolderView.m in Sources */,
				A30E0D141E790D8000502C0E /* main.m in Sources */,
				A30E0D4B1E790DDE00502C0E /* ZYPlaceHolderView.m in Sources */,
				A30E0D511E790E9C00502C0E /* ZYNorecordPlaceHolderView.m in Sources */,
				A30E0D541E790F0B00502C0E /* UIViewController+ZYPlaceHolder.m in Sources */,
			);
			runOnlyForDeploymentPostprocessing = 0;
		};
		A30E0D241E790D8100502C0E /* Sources */ = {
			isa = PBXSourcesBuildPhase;
			buildActionMask = 2147483647;
			files = (
				A30E0D2D1E790D8100502C0E /* ZYPlaceHolderViewTests.m in Sources */,
			);
			runOnlyForDeploymentPostprocessing = 0;
		};
		A30E0D2F1E790D8100502C0E /* Sources */ = {
			isa = PBXSourcesBuildPhase;
			buildActionMask = 2147483647;
			files = (
				A30E0D381E790D8100502C0E /* ZYPlaceHolderViewUITests.m in Sources */,
			);
			runOnlyForDeploymentPostprocessing = 0;
		};
/* End PBXSourcesBuildPhase section */

/* Begin PBXTargetDependency section */
		A30E0D2A1E790D8100502C0E /* PBXTargetDependency */ = {
			isa = PBXTargetDependency;
			target = A30E0D0E1E790D8000502C0E /* ZYPlaceHolderView */;
			targetProxy = A30E0D291E790D8100502C0E /* PBXContainerItemProxy */;
		};
		A30E0D351E790D8100502C0E /* PBXTargetDependency */ = {
			isa = PBXTargetDependency;
			target = A30E0D0E1E790D8000502C0E /* ZYPlaceHolderView */;
			targetProxy = A30E0D341E790D8100502C0E /* PBXContainerItemProxy */;
		};
/* End PBXTargetDependency section */

/* Begin PBXVariantGroup section */
		A30E0D1B1E790D8100502C0E /* Main.storyboard */ = {
			isa = PBXVariantGroup;
			children = (
				A30E0D1C1E790D8100502C0E /* Base */,
			);
			name = Main.storyboard;
			sourceTree = "<group>";
		};
		A30E0D201E790D8100502C0E /* LaunchScreen.storyboard */ = {
			isa = PBXVariantGroup;
			children = (
				A30E0D211E790D8100502C0E /* Base */,
			);
			name = LaunchScreen.storyboard;
			sourceTree = "<group>";
		};
/* End PBXVariantGroup section */

/* Begin XCBuildConfiguration section */
		A30E0D3A1E790D8100502C0E /* Debug */ = {
			isa = XCBuildConfiguration;
			buildSettings = {
				ALWAYS_SEARCH_USER_PATHS = NO;
				CLANG_ANALYZER_NONNULL = YES;
				CLANG_CXX_LANGUAGE_STANDARD = "gnu++0x";
				CLANG_CXX_LIBRARY = "libc++";
				CLANG_ENABLE_MODULES = YES;
				CLANG_ENABLE_OBJC_ARC = YES;
				CLANG_WARN_BOOL_CONVERSION = YES;
				CLANG_WARN_CONSTANT_CONVERSION = YES;
				CLANG_WARN_DIRECT_OBJC_ISA_USAGE = YES_ERROR;
				CLANG_WARN_DOCUMENTATION_COMMENTS = YES;
				CLANG_WARN_EMPTY_BODY = YES;
				CLANG_WARN_ENUM_CONVERSION = YES;
				CLANG_WARN_INFINITE_RECURSION = YES;
				CLANG_WARN_INT_CONVERSION = YES;
				CLANG_WARN_OBJC_ROOT_CLASS = YES_ERROR;
				CLANG_WARN_SUSPICIOUS_MOVE = YES;
				CLANG_WARN_UNREACHABLE_CODE = YES;
				CLANG_WARN__DUPLICATE_METHOD_MATCH = YES;
				"CODE_SIGN_IDENTITY[sdk=iphoneos*]" = "iPhone Developer";
				COPY_PHASE_STRIP = NO;
				DEBUG_INFORMATION_FORMAT = dwarf;
				ENABLE_STRICT_OBJC_MSGSEND = YES;
				ENABLE_TESTABILITY = YES;
				GCC_C_LANGUAGE_STANDARD = gnu99;
				GCC_DYNAMIC_NO_PIC = NO;
				GCC_NO_COMMON_BLOCKS = YES;
				GCC_OPTIMIZATION_LEVEL = 0;
				GCC_PREPROCESSOR_DEFINITIONS = (
					"DEBUG=1",
					"$(inherited)",
				);
				GCC_WARN_64_TO_32_BIT_CONVERSION = YES;
				GCC_WARN_ABOUT_RETURN_TYPE = YES_ERROR;
				GCC_WARN_UNDECLARED_SELECTOR = YES;
				GCC_WARN_UNINITIALIZED_AUTOS = YES_AGGRESSIVE;
				GCC_WARN_UNUSED_FUNCTION = YES;
				GCC_WARN_UNUSED_VARIABLE = YES;
				IPHONEOS_DEPLOYMENT_TARGET = 10.2;
				MTL_ENABLE_DEBUG_INFO = YES;
				ONLY_ACTIVE_ARCH = YES;
				SDKROOT = iphoneos;
				TARGETED_DEVICE_FAMILY = "1,2";
			};
			name = Debug;
		};
		A30E0D3B1E790D8100502C0E /* Release */ = {
			isa = XCBuildConfiguration;
			buildSettings = {
				ALWAYS_SEARCH_USER_PATHS = NO;
				CLANG_ANALYZER_NONNULL = YES;
				CLANG_CXX_LANGUAGE_STANDARD = "gnu++0x";
				CLANG_CXX_LIBRARY = "libc++";
				CLANG_ENABLE_MODULES = YES;
				CLANG_ENABLE_OBJC_ARC = YES;
				CLANG_WARN_BOOL_CONVERSION = YES;
				CLANG_WARN_CONSTANT_CONVERSION = YES;
				CLANG_WARN_DIRECT_OBJC_ISA_USAGE = YES_ERROR;
				CLANG_WARN_DOCUMENTATION_COMMENTS = YES;
				CLANG_WARN_EMPTY_BODY = YES;
				CLANG_WARN_ENUM_CONVERSION = YES;
				CLANG_WARN_INFINITE_RECURSION = YES;
				CLANG_WARN_INT_CONVERSION = YES;
				CLANG_WARN_OBJC_ROOT_CLASS = YES_ERROR;
				CLANG_WARN_SUSPICIOUS_MOVE = YES;
				CLANG_WARN_UNREACHABLE_CODE = YES;
				CLANG_WARN__DUPLICATE_METHOD_MATCH = YES;
				"CODE_SIGN_IDENTITY[sdk=iphoneos*]" = "iPhone Developer";
				COPY_PHASE_STRIP = NO;
				DEBUG_INFORMATION_FORMAT = "dwarf-with-dsym";
				ENABLE_NS_ASSERTIONS = NO;
				ENABLE_STRICT_OBJC_MSGSEND = YES;
				GCC_C_LANGUAGE_STANDARD = gnu99;
				GCC_NO_COMMON_BLOCKS = YES;
				GCC_WARN_64_TO_32_BIT_CONVERSION = YES;
				GCC_WARN_ABOUT_RETURN_TYPE = YES_ERROR;
				GCC_WARN_UNDECLARED_SELECTOR = YES;
				GCC_WARN_UNINITIALIZED_AUTOS = YES_AGGRESSIVE;
				GCC_WARN_UNUSED_FUNCTION = YES;
				GCC_WARN_UNUSED_VARIABLE = YES;
				IPHONEOS_DEPLOYMENT_TARGET = 10.2;
				MTL_ENABLE_DEBUG_INFO = NO;
				SDKROOT = iphoneos;
				TARGETED_DEVICE_FAMILY = "1,2";
				VALIDATE_PRODUCT = YES;
			};
			name = Release;
		};
		A30E0D3D1E790D8100502C0E /* Debug */ = {
			isa = XCBuildConfiguration;
			buildSettings = {
				ASSETCATALOG_COMPILER_APPICON_NAME = AppIcon;
				INFOPLIST_FILE = ZYPlaceHolderView/Info.plist;
				IPHONEOS_DEPLOYMENT_TARGET = 7.0;
				LD_RUNPATH_SEARCH_PATHS = "$(inherited) @executable_path/Frameworks";
				PRODUCT_BUNDLE_IDENTIFIER = sunny.ZYPlaceHolderView;
				PRODUCT_NAME = "$(TARGET_NAME)";
			};
			name = Debug;
		};
		A30E0D3E1E790D8100502C0E /* Release */ = {
			isa = XCBuildConfiguration;
			buildSettings = {
				ASSETCATALOG_COMPILER_APPICON_NAME = AppIcon;
				INFOPLIST_FILE = ZYPlaceHolderView/Info.plist;
				IPHONEOS_DEPLOYMENT_TARGET = 7.0;
				LD_RUNPATH_SEARCH_PATHS = "$(inherited) @executable_path/Frameworks";
				PRODUCT_BUNDLE_IDENTIFIER = sunny.ZYPlaceHolderView;
				PRODUCT_NAME = "$(TARGET_NAME)";
			};
			name = Release;
		};
		A30E0D401E790D8100502C0E /* Debug */ = {
			isa = XCBuildConfiguration;
			buildSettings = {
				BUNDLE_LOADER = "$(TEST_HOST)";
				INFOPLIST_FILE = ZYPlaceHolderViewTests/Info.plist;
				LD_RUNPATH_SEARCH_PATHS = "$(inherited) @executable_path/Frameworks @loader_path/Frameworks";
				PRODUCT_BUNDLE_IDENTIFIER = sunny.ZYPlaceHolderViewTests;
				PRODUCT_NAME = "$(TARGET_NAME)";
				TEST_HOST = "$(BUILT_PRODUCTS_DIR)/ZYPlaceHolderView.app/ZYPlaceHolderView";
			};
			name = Debug;
		};
		A30E0D411E790D8100502C0E /* Release */ = {
			isa = XCBuildConfiguration;
			buildSettings = {
				BUNDLE_LOADER = "$(TEST_HOST)";
				INFOPLIST_FILE = ZYPlaceHolderViewTests/Info.plist;
				LD_RUNPATH_SEARCH_PATHS = "$(inherited) @executable_path/Frameworks @loader_path/Frameworks";
				PRODUCT_BUNDLE_IDENTIFIER = sunny.ZYPlaceHolderViewTests;
				PRODUCT_NAME = "$(TARGET_NAME)";
				TEST_HOST = "$(BUILT_PRODUCTS_DIR)/ZYPlaceHolderView.app/ZYPlaceHolderView";
			};
			name = Release;
		};
		A30E0D431E790D8100502C0E /* Debug */ = {
			isa = XCBuildConfiguration;
			buildSettings = {
				INFOPLIST_FILE = ZYPlaceHolderViewUITests/Info.plist;
				LD_RUNPATH_SEARCH_PATHS = "$(inherited) @executable_path/Frameworks @loader_path/Frameworks";
				PRODUCT_BUNDLE_IDENTIFIER = sunny.ZYPlaceHolderViewUITests;
				PRODUCT_NAME = "$(TARGET_NAME)";
				TEST_TARGET_NAME = ZYPlaceHolderView;
			};
			name = Debug;
		};
		A30E0D441E790D8100502C0E /* Release */ = {
			isa = XCBuildConfiguration;
			buildSettings = {
				INFOPLIST_FILE = ZYPlaceHolderViewUITests/Info.plist;
				LD_RUNPATH_SEARCH_PATHS = "$(inherited) @executable_path/Frameworks @loader_path/Frameworks";
				PRODUCT_BUNDLE_IDENTIFIER = sunny.ZYPlaceHolderViewUITests;
				PRODUCT_NAME = "$(TARGET_NAME)";
				TEST_TARGET_NAME = ZYPlaceHolderView;
			};
			name = Release;
		};
/* End XCBuildConfiguration section */

/* Begin XCConfigurationList section */
		A30E0D0A1E790D8000502C0E /* Build configuration list for PBXProject "ZYPlaceHolderView" */ = {
			isa = XCConfigurationList;
			buildConfigurations = (
				A30E0D3A1E790D8100502C0E /* Debug */,
				A30E0D3B1E790D8100502C0E /* Release */,
			);
			defaultConfigurationIsVisible = 0;
			defaultConfigurationName = Release;
		};
		A30E0D3C1E790D8100502C0E /* Build configuration list for PBXNativeTarget "ZYPlaceHolderView" */ = {
			isa = XCConfigurationList;
			buildConfigurations = (
				A30E0D3D1E790D8100502C0E /* Debug */,
				A30E0D3E1E790D8100502C0E /* Release */,
			);
			defaultConfigurationIsVisible = 0;
		};
		A30E0D3F1E790D8100502C0E /* Build configuration list for PBXNativeTarget "ZYPlaceHolderViewTests" */ = {
			isa = XCConfigurationList;
			buildConfigurations = (
				A30E0D401E790D8100502C0E /* Debug */,
				A30E0D411E790D8100502C0E /* Release */,
			);
			defaultConfigurationIsVisible = 0;
		};
		A30E0D421E790D8100502C0E /* Build configuration list for PBXNativeTarget "ZYPlaceHolderViewUITests" */ = {
			isa = XCConfigurationList;
			buildConfigurations = (
				A30E0D431E790D8100502C0E /* Debug */,
				A30E0D441E790D8100502C0E /* Release */,
			);
			defaultConfigurationIsVisible = 0;
		};
/* End XCConfigurationList section */
	};
	rootObject = A30E0D071E790D8000502C0E /* Project object */;
}
